
Microsoft Visual Studio Solution File, Format Version 12.00
# Visual Studio Version 17
VisualStudioVersion = 17.11.35222.181
MinimumVisualStudioVersion = 10.0.40219.1
Project("{FAE04EC0-301F-11D3-BF4B-00C04F79EFBC}") = "LexiconGame", "LexiconGame\LexiconGame.csproj", "{8969BE0E-78B4-4228-BC43-C7869BCBFDAF}"
EndProject
Global
	GlobalSection(SolutionConfigurationPlatforms) = preSolution
		Debug|Any CPU = Debug|Any CPU
		Release|Any CPU = Release|Any CPU
	EndGlobalSection
	GlobalSection(ProjectConfigurationPlatforms) = postSolution
		{8969BE0E-78B4-4228-BC43-C7869BCBFDAF}.Debug|Any CPU.ActiveCfg = Debug|Any CPU
		{8969BE0E-78B4-4228-BC43-C7869BCBFDAF}.Debug|Any CPU.Build.0 = Debug|Any CPU
		{8969BE0E-78B4-4228-BC43-C7869BCBFDAF}.Release|Any CPU.ActiveCfg = Release|Any CPU
		{8969BE0E-78B4-4228-BC43-C7869BCBFDAF}.Release|Any CPU.Build.0 = Release|Any CPU
	EndGlobalSection
	GlobalSection(SolutionProperties) = preSolution
		HideSolutionNode = FALSE
	EndGlobalSection
	GlobalSection(ExtensibilityGlobals) = postSolution
		SolutionGuid = {F9199A6F-FBDB-4727-9411-827FE1317FFF}
	EndGlobalSection
EndGlobal
